
Microsoft Visual Studio Solution File, Format Version 12.00
# Visual Studio Version 17
VisualStudioVersion = 17.11.35327.3
MinimumVisualStudioVersion = 10.0.40219.1
Project("{FAE04EC0-301F-11D3-BF4B-00C04F79EFBC}") = "KTLT bt7", "KTLT bt7\KTLT bt7.csproj", "{9E9D6E98-4911-4097-A281-AA8E31980733}"
EndProject
Global
	GlobalSection(SolutionConfigurationPlatforms) = preSolution
		Debug|Any CPU = Debug|Any CPU
		Release|Any CPU = Release|Any CPU
	EndGlobalSection
	GlobalSection(ProjectConfigurationPlatforms) = postSolution
		{9E9D6E98-4911-4097-A281-AA8E31980733}.Debug|Any CPU.ActiveCfg = Debug|Any CPU
		{9E9D6E98-4911-4097-A281-AA8E31980733}.Debug|Any CPU.Build.0 = Debug|Any CPU
		{9E9D6E98-4911-4097-A281-AA8E31980733}.Release|Any CPU.ActiveCfg = Release|Any CPU
		{9E9D6E98-4911-4097-A281-AA8E31980733}.Release|Any CPU.Build.0 = Release|Any CPU
	EndGlobalSection
	GlobalSection(SolutionProperties) = preSolution
		HideSolutionNode = FALSE
	EndGlobalSection
	GlobalSection(ExtensibilityGlobals) = postSolution
		SolutionGuid = {717EA906-50D0-4D20-A7B1-0046FA7E9EB0}
	EndGlobalSection
EndGlobal
